
Microsoft Visual Studio Solution File, Format Version 12.00
# Visual Studio Version 17
VisualStudioVersion = 17.1.32210.238
MinimumVisualStudioVersion = 10.0.40219.1
Project("{9A19103F-16F7-4668-BE54-9A1E7A4F7556}") = "ClassLibrary", "..\ClassLibrary\ClassLibrary.csproj", "{507B694E-A984-4EF3-8485-8273F27397AA}"
EndProject
Project("{9A19103F-16F7-4668-BE54-9A1E7A4F7556}") = "WinFormsApp", "..\WinFormsApp\WinFormsApp.csproj", "{6E0232FE-DA9B-4CC5-8E6B-E35798955F09}"
EndProject
Project("{FAE04EC0-301F-11D3-BF4B-00C04F79EFBC}") = "TestExercicios", "..\TestExercicios\TestExercicios.csproj", "{CE9FBA62-8851-4960-B844-C9BE22EC602A}"
EndProject
Global
	GlobalSection(SolutionConfigurationPlatforms) = preSolution
		Debug|Any CPU = Debug|Any CPU
		Release|Any CPU = Release|Any CPU
	EndGlobalSection
	GlobalSection(ProjectConfigurationPlatforms) = postSolution
		{507B694E-A984-4EF3-8485-8273F27397AA}.Debug|Any CPU.ActiveCfg = Debug|Any CPU
		{507B694E-A984-4EF3-8485-8273F27397AA}.Debug|Any CPU.Build.0 = Debug|Any CPU
		{507B694E-A984-4EF3-8485-8273F27397AA}.Release|Any CPU.ActiveCfg = Release|Any CPU
		{507B694E-A984-4EF3-8485-8273F27397AA}.Release|Any CPU.Build.0 = Release|Any CPU
		{6E0232FE-DA9B-4CC5-8E6B-E35798955F09}.Debug|Any CPU.ActiveCfg = Debug|Any CPU
		{6E0232FE-DA9B-4CC5-8E6B-E35798955F09}.Debug|Any CPU.Build.0 = Debug|Any CPU
		{6E0232FE-DA9B-4CC5-8E6B-E35798955F09}.Release|Any CPU.ActiveCfg = Release|Any CPU
		{6E0232FE-DA9B-4CC5-8E6B-E35798955F09}.Release|Any CPU.Build.0 = Release|Any CPU
		{CE9FBA62-8851-4960-B844-C9BE22EC602A}.Debug|Any CPU.ActiveCfg = Debug|Any CPU
		{CE9FBA62-8851-4960-B844-C9BE22EC602A}.Debug|Any CPU.Build.0 = Debug|Any CPU
		{CE9FBA62-8851-4960-B844-C9BE22EC602A}.Release|Any CPU.ActiveCfg = Release|Any CPU
		{CE9FBA62-8851-4960-B844-C9BE22EC602A}.Release|Any CPU.Build.0 = Release|Any CPU
	EndGlobalSection
	GlobalSection(SolutionProperties) = preSolution
		HideSolutionNode = FALSE
	EndGlobalSection
	GlobalSection(ExtensibilityGlobals) = postSolution
		SolutionGuid = {5C832031-1742-44FE-ADFD-78E318FC915E}
	EndGlobalSection
EndGlobal
